
Microsoft Visual Studio Solution File, Format Version 12.00
# Visual Studio Version 16
VisualStudioVersion = 16.0.29009.5
MinimumVisualStudioVersion = 10.0.40219.1
Project("{FAE04EC0-301F-11D3-BF4B-00C04F79EFBC}") = "Casting", "Casting\Casting.csproj", "{EA09AC9C-0BC1-4471-8471-20EE254D7C60}"
EndProject
Project("{FAE04EC0-301F-11D3-BF4B-00C04F79EFBC}") = "MoreVariablesAndPrinting", "MoreVariablesAndPrinting\MoreVariablesAndPrinting.csproj", "{01BAAA3E-5406-4CDB-B03C-1C3222FBA20C}"
EndProject
Project("{FAE04EC0-301F-11D3-BF4B-00C04F79EFBC}") = "SadFor", "SadFor\SadFor.csproj", "{357F7727-F6D3-4CF3-A2BB-72AC6F6A28D0}"
EndProject
Project("{FAE04EC0-301F-11D3-BF4B-00C04F79EFBC}") = "VariablesAndNames", "VariablesAndNames\VariablesAndNames.csproj", "{38CD71E6-6995-4D0D-A781-B4202B40BFB1}"
EndProject
Project("{9A19103F-16F7-4668-BE54-9A1E7A4F7556}") = "Exercise4", "Exercise4\Exercise4.csproj", "{C75B2D97-F3AE-47E3-B12D-33E4CBC0E822}"
EndProject
Project("{FAE04EC0-301F-11D3-BF4B-00C04F79EFBC}") = "Exercise5", "Exercise5\Exercise5.csproj", "{32A98D26-8F2F-4C58-A649-DBC912FDFD9B}"
EndProject
Project("{FAE04EC0-301F-11D3-BF4B-00C04F79EFBC}") = "Exercise6", "Exercise6\Exercise6.csproj", "{E6E8949C-5479-4CAF-9146-90181A34F511}"
EndProject
Project("{FAE04EC0-301F-11D3-BF4B-00C04F79EFBC}") = "Exercise7", "Exercise7\Exercise7.csproj", "{DC86BEF8-646C-44A9-95E8-D0E8B8CAE2FC}"
EndProject
Project("{FAE04EC0-301F-11D3-BF4B-00C04F79EFBC}") = "Exercise8", "Exercise8\Exercise8.csproj", "{5CCFCE22-659C-41DC-A042-FA65FB961A1E}"
EndProject
Project("{FAE04EC0-301F-11D3-BF4B-00C04F79EFBC}") = "Exercise9", "Exercise9\Exercise9.csproj", "{BF402151-E501-43A6-946C-B41215C8E01C}"
EndProject
Global
	GlobalSection(SolutionConfigurationPlatforms) = preSolution
		Debug|Any CPU = Debug|Any CPU
		Release|Any CPU = Release|Any CPU
	EndGlobalSection
	GlobalSection(ProjectConfigurationPlatforms) = postSolution
		{EA09AC9C-0BC1-4471-8471-20EE254D7C60}.Debug|Any CPU.ActiveCfg = Debug|Any CPU
		{EA09AC9C-0BC1-4471-8471-20EE254D7C60}.Debug|Any CPU.Build.0 = Debug|Any CPU
		{EA09AC9C-0BC1-4471-8471-20EE254D7C60}.Release|Any CPU.ActiveCfg = Release|Any CPU
		{EA09AC9C-0BC1-4471-8471-20EE254D7C60}.Release|Any CPU.Build.0 = Release|Any CPU
		{01BAAA3E-5406-4CDB-B03C-1C3222FBA20C}.Debug|Any CPU.ActiveCfg = Debug|Any CPU
		{01BAAA3E-5406-4CDB-B03C-1C3222FBA20C}.Debug|Any CPU.Build.0 = Debug|Any CPU
		{01BAAA3E-5406-4CDB-B03C-1C3222FBA20C}.Release|Any CPU.ActiveCfg = Release|Any CPU
		{01BAAA3E-5406-4CDB-B03C-1C3222FBA20C}.Release|Any CPU.Build.0 = Release|Any CPU
		{357F7727-F6D3-4CF3-A2BB-72AC6F6A28D0}.Debug|Any CPU.ActiveCfg = Debug|Any CPU
		{357F7727-F6D3-4CF3-A2BB-72AC6F6A28D0}.Debug|Any CPU.Build.0 = Debug|Any CPU
		{357F7727-F6D3-4CF3-A2BB-72AC6F6A28D0}.Release|Any CPU.ActiveCfg = Release|Any CPU
		{357F7727-F6D3-4CF3-A2BB-72AC6F6A28D0}.Release|Any CPU.Build.0 = Release|Any CPU
		{38CD71E6-6995-4D0D-A781-B4202B40BFB1}.Debug|Any CPU.ActiveCfg = Debug|Any CPU
		{38CD71E6-6995-4D0D-A781-B4202B40BFB1}.Debug|Any CPU.Build.0 = Debug|Any CPU
		{38CD71E6-6995-4D0D-A781-B4202B40BFB1}.Release|Any CPU.ActiveCfg = Release|Any CPU
		{38CD71E6-6995-4D0D-A781-B4202B40BFB1}.Release|Any CPU.Build.0 = Release|Any CPU
		{C75B2D97-F3AE-47E3-B12D-33E4CBC0E822}.Debug|Any CPU.ActiveCfg = Debug|Any CPU
		{C75B2D97-F3AE-47E3-B12D-33E4CBC0E822}.Debug|Any CPU.Build.0 = Debug|Any CPU
		{C75B2D97-F3AE-47E3-B12D-33E4CBC0E822}.Release|Any CPU.ActiveCfg = Release|Any CPU
		{C75B2D97-F3AE-47E3-B12D-33E4CBC0E822}.Release|Any CPU.Build.0 = Release|Any CPU
		{32A98D26-8F2F-4C58-A649-DBC912FDFD9B}.Debug|Any CPU.ActiveCfg = Debug|Any CPU
		{32A98D26-8F2F-4C58-A649-DBC912FDFD9B}.Debug|Any CPU.Build.0 = Debug|Any CPU
		{32A98D26-8F2F-4C58-A649-DBC912FDFD9B}.Release|Any CPU.ActiveCfg = Release|Any CPU
		{32A98D26-8F2F-4C58-A649-DBC912FDFD9B}.Release|Any CPU.Build.0 = Release|Any CPU
		{E6E8949C-5479-4CAF-9146-90181A34F511}.Debug|Any CPU.ActiveCfg = Debug|Any CPU
		{E6E8949C-5479-4CAF-9146-90181A34F511}.Debug|Any CPU.Build.0 = Debug|Any CPU
		{E6E8949C-5479-4CAF-9146-90181A34F511}.Release|Any CPU.ActiveCfg = Release|Any CPU
		{E6E8949C-5479-4CAF-9146-90181A34F511}.Release|Any CPU.Build.0 = Release|Any CPU
		{DC86BEF8-646C-44A9-95E8-D0E8B8CAE2FC}.Debug|Any CPU.ActiveCfg = Debug|Any CPU
		{DC86BEF8-646C-44A9-95E8-D0E8B8CAE2FC}.Debug|Any CPU.Build.0 = Debug|Any CPU
		{DC86BEF8-646C-44A9-95E8-D0E8B8CAE2FC}.Release|Any CPU.ActiveCfg = Release|Any CPU
		{DC86BEF8-646C-44A9-95E8-D0E8B8CAE2FC}.Release|Any CPU.Build.0 = Release|Any CPU
		{5CCFCE22-659C-41DC-A042-FA65FB961A1E}.Debug|Any CPU.ActiveCfg = Debug|Any CPU
		{5CCFCE22-659C-41DC-A042-FA65FB961A1E}.Debug|Any CPU.Build.0 = Debug|Any CPU
		{5CCFCE22-659C-41DC-A042-FA65FB961A1E}.Release|Any CPU.ActiveCfg = Release|Any CPU
		{5CCFCE22-659C-41DC-A042-FA65FB961A1E}.Release|Any CPU.Build.0 = Release|Any CPU
		{BF402151-E501-43A6-946C-B41215C8E01C}.Debug|Any CPU.ActiveCfg = Debug|Any CPU
		{BF402151-E501-43A6-946C-B41215C8E01C}.Debug|Any CPU.Build.0 = Debug|Any CPU
		{BF402151-E501-43A6-946C-B41215C8E01C}.Release|Any CPU.ActiveCfg = Release|Any CPU
		{BF402151-E501-43A6-946C-B41215C8E01C}.Release|Any CPU.Build.0 = Release|Any CPU
	EndGlobalSection
	GlobalSection(SolutionProperties) = preSolution
		HideSolutionNode = FALSE
	EndGlobalSection
	GlobalSection(ExtensibilityGlobals) = postSolution
		SolutionGuid = {2843F384-9F8E-4D08-934F-B863FC7F989B}
	EndGlobalSection
EndGlobal
