
Microsoft Visual Studio Solution File, Format Version 12.00
# Visual Studio Version 16
VisualStudioVersion = 16.0.29009.5
MinimumVisualStudioVersion = 10.0.40219.1
Project("{FAE04EC0-301F-11D3-BF4B-00C04F79EFBC}") = "Exercise1", "Exercise1\Exercise1.csproj", "{F8DE5E0F-2B8E-4740-90A7-7AF904B3FBD2}"
EndProject
Project("{FAE04EC0-301F-11D3-BF4B-00C04F79EFBC}") = "Exercise2", "Exercise2\Exercise2.csproj", "{990A7482-573D-4A0D-B51C-3DF2B2196A8A}"
EndProject
Project("{FAE04EC0-301F-11D3-BF4B-00C04F79EFBC}") = "Exercise3", "Exercise3\Exercise3.csproj", "{B6747E04-17C4-4C79-BCBC-A0271A9DFEBD}"
EndProject
Project("{FAE04EC0-301F-11D3-BF4B-00C04F79EFBC}") = "Exercise4", "Exercise4\Exercise4.csproj", "{CCA47F71-40AE-4B2C-98E1-A4433D04FE7A}"
EndProject
Project("{FAE04EC0-301F-11D3-BF4B-00C04F79EFBC}") = "Test", "Test\Test.csproj", "{6E5E8B39-8CFE-4C97-88D7-6EF558EBA8E3}"
EndProject
Global
	GlobalSection(SolutionConfigurationPlatforms) = preSolution
		Debug|Any CPU = Debug|Any CPU
		Release|Any CPU = Release|Any CPU
	EndGlobalSection
	GlobalSection(ProjectConfigurationPlatforms) = postSolution
		{F8DE5E0F-2B8E-4740-90A7-7AF904B3FBD2}.Debug|Any CPU.ActiveCfg = Debug|Any CPU
		{F8DE5E0F-2B8E-4740-90A7-7AF904B3FBD2}.Debug|Any CPU.Build.0 = Debug|Any CPU
		{F8DE5E0F-2B8E-4740-90A7-7AF904B3FBD2}.Release|Any CPU.ActiveCfg = Release|Any CPU
		{F8DE5E0F-2B8E-4740-90A7-7AF904B3FBD2}.Release|Any CPU.Build.0 = Release|Any CPU
		{990A7482-573D-4A0D-B51C-3DF2B2196A8A}.Debug|Any CPU.ActiveCfg = Debug|Any CPU
		{990A7482-573D-4A0D-B51C-3DF2B2196A8A}.Debug|Any CPU.Build.0 = Debug|Any CPU
		{990A7482-573D-4A0D-B51C-3DF2B2196A8A}.Release|Any CPU.ActiveCfg = Release|Any CPU
		{990A7482-573D-4A0D-B51C-3DF2B2196A8A}.Release|Any CPU.Build.0 = Release|Any CPU
		{B6747E04-17C4-4C79-BCBC-A0271A9DFEBD}.Debug|Any CPU.ActiveCfg = Debug|Any CPU
		{B6747E04-17C4-4C79-BCBC-A0271A9DFEBD}.Debug|Any CPU.Build.0 = Debug|Any CPU
		{B6747E04-17C4-4C79-BCBC-A0271A9DFEBD}.Release|Any CPU.ActiveCfg = Release|Any CPU
		{B6747E04-17C4-4C79-BCBC-A0271A9DFEBD}.Release|Any CPU.Build.0 = Release|Any CPU
		{CCA47F71-40AE-4B2C-98E1-A4433D04FE7A}.Debug|Any CPU.ActiveCfg = Debug|Any CPU
		{CCA47F71-40AE-4B2C-98E1-A4433D04FE7A}.Debug|Any CPU.Build.0 = Debug|Any CPU
		{CCA47F71-40AE-4B2C-98E1-A4433D04FE7A}.Release|Any CPU.ActiveCfg = Release|Any CPU
		{CCA47F71-40AE-4B2C-98E1-A4433D04FE7A}.Release|Any CPU.Build.0 = Release|Any CPU
		{6E5E8B39-8CFE-4C97-88D7-6EF558EBA8E3}.Debug|Any CPU.ActiveCfg = Debug|Any CPU
		{6E5E8B39-8CFE-4C97-88D7-6EF558EBA8E3}.Debug|Any CPU.Build.0 = Debug|Any CPU
		{6E5E8B39-8CFE-4C97-88D7-6EF558EBA8E3}.Release|Any CPU.ActiveCfg = Release|Any CPU
		{6E5E8B39-8CFE-4C97-88D7-6EF558EBA8E3}.Release|Any CPU.Build.0 = Release|Any CPU
	EndGlobalSection
	GlobalSection(SolutionProperties) = preSolution
		HideSolutionNode = FALSE
	EndGlobalSection
	GlobalSection(ExtensibilityGlobals) = postSolution
		SolutionGuid = {9E2B805A-E209-4714-AE87-3C7317951F1D}
	EndGlobalSection
EndGlobal
