
Microsoft Visual Studio Solution File, Format Version 12.00
# Visual Studio Version 16
VisualStudioVersion = 16.0.29806.167
MinimumVisualStudioVersion = 10.0.40219.1
Project("{FAE04EC0-301F-11D3-BF4B-00C04F79EFBC}") = "Exercise1", "Exercise1\Exercise1.csproj", "{387BD104-0786-4B7B-AD53-FD01CD05D578}"
EndProject
Project("{FAE04EC0-301F-11D3-BF4B-00C04F79EFBC}") = "Exercise3", "Exercise2\Exercise3.csproj", "{690AAD4B-4F9A-417C-8D88-BDFCABED6FA3}"
EndProject
Project("{FAE04EC0-301F-11D3-BF4B-00C04F79EFBC}") = "FlightPlanner", "FlightPlanner\FlightPlanner.csproj", "{7617A60C-18A2-4FF5-9191-7137C7C2E8DA}"
EndProject
Project("{FAE04EC0-301F-11D3-BF4B-00C04F79EFBC}") = "Histogram", "Histogram\Histogram.csproj", "{5FB314A2-710C-4A70-80B8-2382B7B7D2CE}"
EndProject
Project("{FAE04EC0-301F-11D3-BF4B-00C04F79EFBC}") = "Phonebook", "Phonebook\Phonebook.csproj", "{14C4C283-8C7A-4DB0-91BD-1DF9FD882E3A}"
EndProject
Project("{FAE04EC0-301F-11D3-BF4B-00C04F79EFBC}") = "WordCount", "WordCount\WordCount.csproj", "{CC44658B-6A21-41E5-89AB-3372C1B0F257}"
EndProject
Project("{2150E333-8FDC-42A3-9474-1A3956D46DE8}") = "Lists", "Lists", "{A6127B98-3FA0-4FE2-B8A3-55D9E639B1F6}"
EndProject
Project("{FAE04EC0-301F-11D3-BF4B-00C04F79EFBC}") = "ListExercise1", "ListExercise1\ListExercise1.csproj", "{50C26674-DB95-4BC8-A4F1-4F688F7AD0D4}"
EndProject
Project("{FAE04EC0-301F-11D3-BF4B-00C04F79EFBC}") = "ListExercise2", "ListExercise2\ListExercise2.csproj", "{7AF2C351-0EE3-4ED4-9FCA-B343FB5ADCE9}"
EndProject
Project("{FAE04EC0-301F-11D3-BF4B-00C04F79EFBC}") = "ListExercise3", "ListExercise3\ListExercise3.csproj", "{AC998890-B24B-40F6-A98D-4CB114D7A562}"
EndProject
Project("{FAE04EC0-301F-11D3-BF4B-00C04F79EFBC}") = "ListExercise4", "ListExercise4\ListExercise4.csproj", "{CA875C05-4ED4-4F17-86C3-EEB28038242E}"
EndProject
Project("{FAE04EC0-301F-11D3-BF4B-00C04F79EFBC}") = "ListExercise5", "ListExercise5\ListExercise5.csproj", "{45968705-CC25-4145-8749-8FD62A09E44F}"
EndProject
Project("{FAE04EC0-301F-11D3-BF4B-00C04F79EFBC}") = "ListExercise6", "ListExercise6\ListExercise6.csproj", "{24729576-5CCD-434C-A5CE-17DD340BF9CC}"
EndProject
Project("{FAE04EC0-301F-11D3-BF4B-00C04F79EFBC}") = "ListExercise7", "ListExercise7\ListExercise7.csproj", "{4FEA24A6-BD4A-4E85-87DA-671F13DB64BA}"
EndProject
Project("{FAE04EC0-301F-11D3-BF4B-00C04F79EFBC}") = "ListExercise8", "ListExercise8\ListExercise8.csproj", "{FAE58517-0EAB-4F36-A8D7-A74DD2B0E2F9}"
EndProject
Project("{FAE04EC0-301F-11D3-BF4B-00C04F79EFBC}") = "ListExercise9", "ListExercise9\ListExercise9.csproj", "{61A4EA55-6663-430A-96E1-7C42F43BAB0E}"
EndProject
Project("{FAE04EC0-301F-11D3-BF4B-00C04F79EFBC}") = "ListExercise10", "ListExercise10\ListExercise10.csproj", "{A47A516D-BE38-4D49-AD43-30D6B3DE44AA}"
EndProject
Project("{FAE04EC0-301F-11D3-BF4B-00C04F79EFBC}") = "ListExercise11", "ListExercise11\ListExercise11.csproj", "{88737D25-5F14-427D-AAC9-910094585997}"
EndProject
Global
	GlobalSection(SolutionConfigurationPlatforms) = preSolution
		Debug|Any CPU = Debug|Any CPU
		Release|Any CPU = Release|Any CPU
	EndGlobalSection
	GlobalSection(ProjectConfigurationPlatforms) = postSolution
		{387BD104-0786-4B7B-AD53-FD01CD05D578}.Debug|Any CPU.ActiveCfg = Debug|Any CPU
		{387BD104-0786-4B7B-AD53-FD01CD05D578}.Debug|Any CPU.Build.0 = Debug|Any CPU
		{387BD104-0786-4B7B-AD53-FD01CD05D578}.Release|Any CPU.ActiveCfg = Release|Any CPU
		{387BD104-0786-4B7B-AD53-FD01CD05D578}.Release|Any CPU.Build.0 = Release|Any CPU
		{690AAD4B-4F9A-417C-8D88-BDFCABED6FA3}.Debug|Any CPU.ActiveCfg = Debug|Any CPU
		{690AAD4B-4F9A-417C-8D88-BDFCABED6FA3}.Debug|Any CPU.Build.0 = Debug|Any CPU
		{690AAD4B-4F9A-417C-8D88-BDFCABED6FA3}.Release|Any CPU.ActiveCfg = Release|Any CPU
		{690AAD4B-4F9A-417C-8D88-BDFCABED6FA3}.Release|Any CPU.Build.0 = Release|Any CPU
		{7617A60C-18A2-4FF5-9191-7137C7C2E8DA}.Debug|Any CPU.ActiveCfg = Debug|Any CPU
		{7617A60C-18A2-4FF5-9191-7137C7C2E8DA}.Debug|Any CPU.Build.0 = Debug|Any CPU
		{7617A60C-18A2-4FF5-9191-7137C7C2E8DA}.Release|Any CPU.ActiveCfg = Release|Any CPU
		{7617A60C-18A2-4FF5-9191-7137C7C2E8DA}.Release|Any CPU.Build.0 = Release|Any CPU
		{5FB314A2-710C-4A70-80B8-2382B7B7D2CE}.Debug|Any CPU.ActiveCfg = Debug|Any CPU
		{5FB314A2-710C-4A70-80B8-2382B7B7D2CE}.Debug|Any CPU.Build.0 = Debug|Any CPU
		{5FB314A2-710C-4A70-80B8-2382B7B7D2CE}.Release|Any CPU.ActiveCfg = Release|Any CPU
		{5FB314A2-710C-4A70-80B8-2382B7B7D2CE}.Release|Any CPU.Build.0 = Release|Any CPU
		{14C4C283-8C7A-4DB0-91BD-1DF9FD882E3A}.Debug|Any CPU.ActiveCfg = Debug|Any CPU
		{14C4C283-8C7A-4DB0-91BD-1DF9FD882E3A}.Debug|Any CPU.Build.0 = Debug|Any CPU
		{14C4C283-8C7A-4DB0-91BD-1DF9FD882E3A}.Release|Any CPU.ActiveCfg = Release|Any CPU
		{14C4C283-8C7A-4DB0-91BD-1DF9FD882E3A}.Release|Any CPU.Build.0 = Release|Any CPU
		{CC44658B-6A21-41E5-89AB-3372C1B0F257}.Debug|Any CPU.ActiveCfg = Debug|Any CPU
		{CC44658B-6A21-41E5-89AB-3372C1B0F257}.Debug|Any CPU.Build.0 = Debug|Any CPU
		{CC44658B-6A21-41E5-89AB-3372C1B0F257}.Release|Any CPU.ActiveCfg = Release|Any CPU
		{CC44658B-6A21-41E5-89AB-3372C1B0F257}.Release|Any CPU.Build.0 = Release|Any CPU
		{50C26674-DB95-4BC8-A4F1-4F688F7AD0D4}.Debug|Any CPU.ActiveCfg = Debug|Any CPU
		{50C26674-DB95-4BC8-A4F1-4F688F7AD0D4}.Debug|Any CPU.Build.0 = Debug|Any CPU
		{50C26674-DB95-4BC8-A4F1-4F688F7AD0D4}.Release|Any CPU.ActiveCfg = Release|Any CPU
		{50C26674-DB95-4BC8-A4F1-4F688F7AD0D4}.Release|Any CPU.Build.0 = Release|Any CPU
		{7AF2C351-0EE3-4ED4-9FCA-B343FB5ADCE9}.Debug|Any CPU.ActiveCfg = Debug|Any CPU
		{7AF2C351-0EE3-4ED4-9FCA-B343FB5ADCE9}.Debug|Any CPU.Build.0 = Debug|Any CPU
		{7AF2C351-0EE3-4ED4-9FCA-B343FB5ADCE9}.Release|Any CPU.ActiveCfg = Release|Any CPU
		{7AF2C351-0EE3-4ED4-9FCA-B343FB5ADCE9}.Release|Any CPU.Build.0 = Release|Any CPU
		{AC998890-B24B-40F6-A98D-4CB114D7A562}.Debug|Any CPU.ActiveCfg = Debug|Any CPU
		{AC998890-B24B-40F6-A98D-4CB114D7A562}.Debug|Any CPU.Build.0 = Debug|Any CPU
		{AC998890-B24B-40F6-A98D-4CB114D7A562}.Release|Any CPU.ActiveCfg = Release|Any CPU
		{AC998890-B24B-40F6-A98D-4CB114D7A562}.Release|Any CPU.Build.0 = Release|Any CPU
		{CA875C05-4ED4-4F17-86C3-EEB28038242E}.Debug|Any CPU.ActiveCfg = Debug|Any CPU
		{CA875C05-4ED4-4F17-86C3-EEB28038242E}.Debug|Any CPU.Build.0 = Debug|Any CPU
		{CA875C05-4ED4-4F17-86C3-EEB28038242E}.Release|Any CPU.ActiveCfg = Release|Any CPU
		{CA875C05-4ED4-4F17-86C3-EEB28038242E}.Release|Any CPU.Build.0 = Release|Any CPU
		{45968705-CC25-4145-8749-8FD62A09E44F}.Debug|Any CPU.ActiveCfg = Debug|Any CPU
		{45968705-CC25-4145-8749-8FD62A09E44F}.Debug|Any CPU.Build.0 = Debug|Any CPU
		{45968705-CC25-4145-8749-8FD62A09E44F}.Release|Any CPU.ActiveCfg = Release|Any CPU
		{45968705-CC25-4145-8749-8FD62A09E44F}.Release|Any CPU.Build.0 = Release|Any CPU
		{24729576-5CCD-434C-A5CE-17DD340BF9CC}.Debug|Any CPU.ActiveCfg = Debug|Any CPU
		{24729576-5CCD-434C-A5CE-17DD340BF9CC}.Debug|Any CPU.Build.0 = Debug|Any CPU
		{24729576-5CCD-434C-A5CE-17DD340BF9CC}.Release|Any CPU.ActiveCfg = Release|Any CPU
		{24729576-5CCD-434C-A5CE-17DD340BF9CC}.Release|Any CPU.Build.0 = Release|Any CPU
		{4FEA24A6-BD4A-4E85-87DA-671F13DB64BA}.Debug|Any CPU.ActiveCfg = Debug|Any CPU
		{4FEA24A6-BD4A-4E85-87DA-671F13DB64BA}.Debug|Any CPU.Build.0 = Debug|Any CPU
		{4FEA24A6-BD4A-4E85-87DA-671F13DB64BA}.Release|Any CPU.ActiveCfg = Release|Any CPU
		{4FEA24A6-BD4A-4E85-87DA-671F13DB64BA}.Release|Any CPU.Build.0 = Release|Any CPU
		{FAE58517-0EAB-4F36-A8D7-A74DD2B0E2F9}.Debug|Any CPU.ActiveCfg = Debug|Any CPU
		{FAE58517-0EAB-4F36-A8D7-A74DD2B0E2F9}.Debug|Any CPU.Build.0 = Debug|Any CPU
		{FAE58517-0EAB-4F36-A8D7-A74DD2B0E2F9}.Release|Any CPU.ActiveCfg = Release|Any CPU
		{FAE58517-0EAB-4F36-A8D7-A74DD2B0E2F9}.Release|Any CPU.Build.0 = Release|Any CPU
		{61A4EA55-6663-430A-96E1-7C42F43BAB0E}.Debug|Any CPU.ActiveCfg = Debug|Any CPU
		{61A4EA55-6663-430A-96E1-7C42F43BAB0E}.Debug|Any CPU.Build.0 = Debug|Any CPU
		{61A4EA55-6663-430A-96E1-7C42F43BAB0E}.Release|Any CPU.ActiveCfg = Release|Any CPU
		{61A4EA55-6663-430A-96E1-7C42F43BAB0E}.Release|Any CPU.Build.0 = Release|Any CPU
		{A47A516D-BE38-4D49-AD43-30D6B3DE44AA}.Debug|Any CPU.ActiveCfg = Debug|Any CPU
		{A47A516D-BE38-4D49-AD43-30D6B3DE44AA}.Debug|Any CPU.Build.0 = Debug|Any CPU
		{A47A516D-BE38-4D49-AD43-30D6B3DE44AA}.Release|Any CPU.ActiveCfg = Release|Any CPU
		{A47A516D-BE38-4D49-AD43-30D6B3DE44AA}.Release|Any CPU.Build.0 = Release|Any CPU
		{88737D25-5F14-427D-AAC9-910094585997}.Debug|Any CPU.ActiveCfg = Debug|Any CPU
		{88737D25-5F14-427D-AAC9-910094585997}.Debug|Any CPU.Build.0 = Debug|Any CPU
		{88737D25-5F14-427D-AAC9-910094585997}.Release|Any CPU.ActiveCfg = Release|Any CPU
		{88737D25-5F14-427D-AAC9-910094585997}.Release|Any CPU.Build.0 = Release|Any CPU
	EndGlobalSection
	GlobalSection(SolutionProperties) = preSolution
		HideSolutionNode = FALSE
	EndGlobalSection
	GlobalSection(NestedProjects) = preSolution
		{50C26674-DB95-4BC8-A4F1-4F688F7AD0D4} = {A6127B98-3FA0-4FE2-B8A3-55D9E639B1F6}
		{7AF2C351-0EE3-4ED4-9FCA-B343FB5ADCE9} = {A6127B98-3FA0-4FE2-B8A3-55D9E639B1F6}
		{AC998890-B24B-40F6-A98D-4CB114D7A562} = {A6127B98-3FA0-4FE2-B8A3-55D9E639B1F6}
		{CA875C05-4ED4-4F17-86C3-EEB28038242E} = {A6127B98-3FA0-4FE2-B8A3-55D9E639B1F6}
		{45968705-CC25-4145-8749-8FD62A09E44F} = {A6127B98-3FA0-4FE2-B8A3-55D9E639B1F6}
		{24729576-5CCD-434C-A5CE-17DD340BF9CC} = {A6127B98-3FA0-4FE2-B8A3-55D9E639B1F6}
		{4FEA24A6-BD4A-4E85-87DA-671F13DB64BA} = {A6127B98-3FA0-4FE2-B8A3-55D9E639B1F6}
		{FAE58517-0EAB-4F36-A8D7-A74DD2B0E2F9} = {A6127B98-3FA0-4FE2-B8A3-55D9E639B1F6}
		{61A4EA55-6663-430A-96E1-7C42F43BAB0E} = {A6127B98-3FA0-4FE2-B8A3-55D9E639B1F6}
		{A47A516D-BE38-4D49-AD43-30D6B3DE44AA} = {A6127B98-3FA0-4FE2-B8A3-55D9E639B1F6}
		{88737D25-5F14-427D-AAC9-910094585997} = {A6127B98-3FA0-4FE2-B8A3-55D9E639B1F6}
	EndGlobalSection
	GlobalSection(ExtensibilityGlobals) = postSolution
		SolutionGuid = {FBF206CD-7EC6-4C70-8BBF-033721538F35}
	EndGlobalSection
EndGlobal
