
Microsoft Visual Studio Solution File, Format Version 12.00
# Visual Studio Version 16
VisualStudioVersion = 16.0.29009.5
MinimumVisualStudioVersion = 10.0.40219.1
Project("{FAE04EC0-301F-11D3-BF4B-00C04F79EFBC}") = "Minesweeper", "Minesweeper\Minesweeper.csproj", "{631DC07F-E077-42BC-ADD5-581BBB9F6D00}"
EndProject
Project("{FAE04EC0-301F-11D3-BF4B-00C04F79EFBC}") = "Minesweeper.Tests", "Minesweeper.Tests\Minesweeper.Tests.csproj", "{F1ED4624-B083-4456-8717-CA25ABE14B9C}"
EndProject
Global
	GlobalSection(SolutionConfigurationPlatforms) = preSolution
		Debug|Any CPU = Debug|Any CPU
		Release|Any CPU = Release|Any CPU
	EndGlobalSection
	GlobalSection(ProjectConfigurationPlatforms) = postSolution
		{631DC07F-E077-42BC-ADD5-581BBB9F6D00}.Debug|Any CPU.ActiveCfg = Debug|Any CPU
		{631DC07F-E077-42BC-ADD5-581BBB9F6D00}.Debug|Any CPU.Build.0 = Debug|Any CPU
		{631DC07F-E077-42BC-ADD5-581BBB9F6D00}.Release|Any CPU.ActiveCfg = Release|Any CPU
		{631DC07F-E077-42BC-ADD5-581BBB9F6D00}.Release|Any CPU.Build.0 = Release|Any CPU
		{F1ED4624-B083-4456-8717-CA25ABE14B9C}.Debug|Any CPU.ActiveCfg = Debug|Any CPU
		{F1ED4624-B083-4456-8717-CA25ABE14B9C}.Debug|Any CPU.Build.0 = Debug|Any CPU
		{F1ED4624-B083-4456-8717-CA25ABE14B9C}.Release|Any CPU.ActiveCfg = Release|Any CPU
		{F1ED4624-B083-4456-8717-CA25ABE14B9C}.Release|Any CPU.Build.0 = Release|Any CPU
	EndGlobalSection
	GlobalSection(SolutionProperties) = preSolution
		HideSolutionNode = FALSE
	EndGlobalSection
	GlobalSection(ExtensibilityGlobals) = postSolution
		SolutionGuid = {D620E015-5BF8-40B9-8746-F8463841F813}
	EndGlobalSection
EndGlobal
